
Microsoft Visual Studio Solution File, Format Version 12.00
# Visual Studio Version 16
VisualStudioVersion = 16.0.32413.511
MinimumVisualStudioVersion = 10.0.40219.1
Project("{FAE04EC0-301F-11D3-BF4B-00C04F79EFBC}") = "SearchAlgorithm", "SearchAlgorithm\SearchAlgorithm.csproj", "{15AF9383-D1CB-4A2F-8F06-E658CBEDCC9F}"
EndProject
Global
	GlobalSection(SolutionConfigurationPlatforms) = preSolution
		Debug|Any CPU = Debug|Any CPU
		Release|Any CPU = Release|Any CPU
	EndGlobalSection
	GlobalSection(ProjectConfigurationPlatforms) = postSolution
		{15AF9383-D1CB-4A2F-8F06-E658CBEDCC9F}.Debug|Any CPU.ActiveCfg = Debug|Any CPU
		{15AF9383-D1CB-4A2F-8F06-E658CBEDCC9F}.Debug|Any CPU.Build.0 = Debug|Any CPU
		{15AF9383-D1CB-4A2F-8F06-E658CBEDCC9F}.Release|Any CPU.ActiveCfg = Release|Any CPU
		{15AF9383-D1CB-4A2F-8F06-E658CBEDCC9F}.Release|Any CPU.Build.0 = Release|Any CPU
	EndGlobalSection
	GlobalSection(SolutionProperties) = preSolution
		HideSolutionNode = FALSE
	EndGlobalSection
	GlobalSection(ExtensibilityGlobals) = postSolution
		SolutionGuid = {CD68DDFA-A4FC-480D-B24F-34E6BA10A08A}
	EndGlobalSection
EndGlobal
